
Microsoft Visual Studio Solution File, Format Version 12.00
# Visual Studio Version 16
VisualStudioVersion = 16.0.32228.343
MinimumVisualStudioVersion = 10.0.40219.1
Project("{FAE04EC0-301F-11D3-BF4B-00C04F79EFBC}") = "AppBookStore", "AppBookStore.csproj", "{EBBDC493-104B-4E5F-8155-75A763428512}"
EndProject
Global
	GlobalSection(SolutionConfigurationPlatforms) = preSolution
		Debug|Any CPU = Debug|Any CPU
		Release|Any CPU = Release|Any CPU
	EndGlobalSection
	GlobalSection(ProjectConfigurationPlatforms) = postSolution
		{EBBDC493-104B-4E5F-8155-75A763428512}.Debug|Any CPU.ActiveCfg = Debug|Any CPU
		{EBBDC493-104B-4E5F-8155-75A763428512}.Debug|Any CPU.Build.0 = Debug|Any CPU
		{EBBDC493-104B-4E5F-8155-75A763428512}.Release|Any CPU.ActiveCfg = Release|Any CPU
		{EBBDC493-104B-4E5F-8155-75A763428512}.Release|Any CPU.Build.0 = Release|Any CPU
	EndGlobalSection
	GlobalSection(SolutionProperties) = preSolution
		HideSolutionNode = FALSE
	EndGlobalSection
	GlobalSection(ExtensibilityGlobals) = postSolution
		SolutionGuid = {9432784B-4A70-4500-AEEA-3141EE37E317}
	EndGlobalSection
EndGlobal
